{
    "name": "coe-theme",
    "version": "0.0.1",
    "lockfileVersion": 2,
    "requires": true,
    "packages": {
        "": {
            "name": "coe-theme",
            "version": "0.0.1",
            "dependencies": {
                "vscode-oniguruma": "^1.6.2",
                "vscode-textmate": "^6.0.0"
            },
            "engines": {
                "vscode": "^1.65.0"
            }
        },
        "node_modules/vscode-oniguruma": {
            "version": "1.6.2",
            "resolved": "https://registry.npmmirror.com/vscode-oniguruma/-/vscode-oniguruma-1.6.2.tgz",
            "integrity": "sha512-KH8+KKov5eS/9WhofZR8M8dMHWN2gTxjMsG4jd04YhpbPR91fUj7rYQ2/XjeHCJWbg7X++ApRIU9NUwM2vTvLA=="
        },
        "node_modules/vscode-textmate": {
            "version": "6.0.0",
            "resolved": "https://registry.npmmirror.com/vscode-textmate/-/vscode-textmate-6.0.0.tgz",
            "integrity": "sha512-gu73tuZfJgu+mvCSy4UZwd2JXykjK9zAZsfmDeut5dx/1a7FeTk0XwJsSuqQn+cuMCGVbIBfl+s53X4T19DnzQ=="
        }
    },
    "dependencies": {
        "vscode-oniguruma": {
            "version": "1.6.2",
            "resolved": "https://registry.npmmirror.com/vscode-oniguruma/-/vscode-oniguruma-1.6.2.tgz",
            "integrity": "sha512-KH8+KKov5eS/9WhofZR8M8dMHWN2gTxjMsG4jd04YhpbPR91fUj7rYQ2/XjeHCJWbg7X++ApRIU9NUwM2vTvLA=="
        },
        "vscode-textmate": {
            "version": "6.0.0",
            "resolved": "https://registry.npmmirror.com/vscode-textmate/-/vscode-textmate-6.0.0.tgz",
            "integrity": "sha512-gu73tuZfJgu+mvCSy4UZwd2JXykjK9zAZsfmDeut5dx/1a7FeTk0XwJsSuqQn+cuMCGVbIBfl+s53X4T19DnzQ=="
        }
    }
}
